
Microsoft Visual Studio Solution File, Format Version 12.00
# Visual Studio Version 17
VisualStudioVersion = 17.5.33424.131
MinimumVisualStudioVersion = 10.0.40219.1
Project("{FAE04EC0-301F-11D3-BF4B-00C04F79EFBC}") = "MovieApp.Web", "MovieApp.Web\MovieApp.Web.csproj", "{6B52115F-2675-482E-A630-D872F826CCAA}"
EndProject
Project("{FAE04EC0-301F-11D3-BF4B-00C04F79EFBC}") = "MovieApp.Core", "MovieApp.Core\MovieApp.Core.csproj", "{32A7C984-56BA-4FD5-B122-F49A589EB77C}"
EndProject
Project("{FAE04EC0-301F-11D3-BF4B-00C04F79EFBC}") = "MovieApp.Infastructure", "MovieApp.Infastructure\MovieApp.Infastructure.csproj", "{44A2C3E7-7C37-4FB4-8B28-81B301F6041A}"
EndProject
Global
	GlobalSection(SolutionConfigurationPlatforms) = preSolution
		Debug|Any CPU = Debug|Any CPU
		Release|Any CPU = Release|Any CPU
	EndGlobalSection
	GlobalSection(ProjectConfigurationPlatforms) = postSolution
		{6B52115F-2675-482E-A630-D872F826CCAA}.Debug|Any CPU.ActiveCfg = Debug|Any CPU
		{6B52115F-2675-482E-A630-D872F826CCAA}.Debug|Any CPU.Build.0 = Debug|Any CPU
		{6B52115F-2675-482E-A630-D872F826CCAA}.Release|Any CPU.ActiveCfg = Release|Any CPU
		{6B52115F-2675-482E-A630-D872F826CCAA}.Release|Any CPU.Build.0 = Release|Any CPU
		{32A7C984-56BA-4FD5-B122-F49A589EB77C}.Debug|Any CPU.ActiveCfg = Debug|Any CPU
		{32A7C984-56BA-4FD5-B122-F49A589EB77C}.Debug|Any CPU.Build.0 = Debug|Any CPU
		{32A7C984-56BA-4FD5-B122-F49A589EB77C}.Release|Any CPU.ActiveCfg = Release|Any CPU
		{32A7C984-56BA-4FD5-B122-F49A589EB77C}.Release|Any CPU.Build.0 = Release|Any CPU
		{44A2C3E7-7C37-4FB4-8B28-81B301F6041A}.Debug|Any CPU.ActiveCfg = Debug|Any CPU
		{44A2C3E7-7C37-4FB4-8B28-81B301F6041A}.Debug|Any CPU.Build.0 = Debug|Any CPU
		{44A2C3E7-7C37-4FB4-8B28-81B301F6041A}.Release|Any CPU.ActiveCfg = Release|Any CPU
		{44A2C3E7-7C37-4FB4-8B28-81B301F6041A}.Release|Any CPU.Build.0 = Release|Any CPU
	EndGlobalSection
	GlobalSection(SolutionProperties) = preSolution
		HideSolutionNode = FALSE
	EndGlobalSection
	GlobalSection(ExtensibilityGlobals) = postSolution
		SolutionGuid = {45032970-7F79-45E0-ADFF-3096F2356DF3}
	EndGlobalSection
EndGlobal
